
Microsoft Visual Studio Solution File, Format Version 12.00
# Visual Studio Version 17
VisualStudioVersion = 17.5.33530.505
MinimumVisualStudioVersion = 10.0.40219.1
Project("{9A19103F-16F7-4668-BE54-9A1E7A4F7556}") = "Business", "Contracts\Business.csproj", "{8A107559-87CD-49C3-B293-A08AFCFD775A}"
EndProject
Project("{9A19103F-16F7-4668-BE54-9A1E7A4F7556}") = "Domain", "Domain\Domain.csproj", "{CAB55EF3-E733-4A58-8551-AB171E661E7A}"
EndProject
Project("{9A19103F-16F7-4668-BE54-9A1E7A4F7556}") = "Parser", "Parser\Parser.csproj", "{13F8E7AF-1FBF-4C9D-A237-E0575C03B9AF}"
EndProject
Project("{9A19103F-16F7-4668-BE54-9A1E7A4F7556}") = "Tests", "Tests\Tests.csproj", "{FAFB844E-5AC1-4EC1-B36C-73E75562858B}"
EndProject
Project("{9A19103F-16F7-4668-BE54-9A1E7A4F7556}") = "Transformer", "Transformer\Transformer.csproj", "{E7FC34F2-8249-4C73-B3A3-B64F61CE0607}"
EndProject
Project("{9A19103F-16F7-4668-BE54-9A1E7A4F7556}") = "SfmlPresentation", "SfmlPresentation\SfmlPresentation.csproj", "{B646B822-624F-499B-B972-B7F1027099BE}"
EndProject
Global
	GlobalSection(SolutionConfigurationPlatforms) = preSolution
		Debug|Any CPU = Debug|Any CPU
		Release|Any CPU = Release|Any CPU
	EndGlobalSection
	GlobalSection(ProjectConfigurationPlatforms) = postSolution
		{8A107559-87CD-49C3-B293-A08AFCFD775A}.Debug|Any CPU.ActiveCfg = Debug|Any CPU
		{8A107559-87CD-49C3-B293-A08AFCFD775A}.Debug|Any CPU.Build.0 = Debug|Any CPU
		{8A107559-87CD-49C3-B293-A08AFCFD775A}.Release|Any CPU.ActiveCfg = Release|Any CPU
		{8A107559-87CD-49C3-B293-A08AFCFD775A}.Release|Any CPU.Build.0 = Release|Any CPU
		{CAB55EF3-E733-4A58-8551-AB171E661E7A}.Debug|Any CPU.ActiveCfg = Debug|Any CPU
		{CAB55EF3-E733-4A58-8551-AB171E661E7A}.Debug|Any CPU.Build.0 = Debug|Any CPU
		{CAB55EF3-E733-4A58-8551-AB171E661E7A}.Release|Any CPU.ActiveCfg = Release|Any CPU
		{CAB55EF3-E733-4A58-8551-AB171E661E7A}.Release|Any CPU.Build.0 = Release|Any CPU
		{13F8E7AF-1FBF-4C9D-A237-E0575C03B9AF}.Debug|Any CPU.ActiveCfg = Debug|Any CPU
		{13F8E7AF-1FBF-4C9D-A237-E0575C03B9AF}.Debug|Any CPU.Build.0 = Debug|Any CPU
		{13F8E7AF-1FBF-4C9D-A237-E0575C03B9AF}.Release|Any CPU.ActiveCfg = Release|Any CPU
		{13F8E7AF-1FBF-4C9D-A237-E0575C03B9AF}.Release|Any CPU.Build.0 = Release|Any CPU
		{FAFB844E-5AC1-4EC1-B36C-73E75562858B}.Debug|Any CPU.ActiveCfg = Debug|Any CPU
		{FAFB844E-5AC1-4EC1-B36C-73E75562858B}.Debug|Any CPU.Build.0 = Debug|Any CPU
		{FAFB844E-5AC1-4EC1-B36C-73E75562858B}.Release|Any CPU.ActiveCfg = Release|Any CPU
		{FAFB844E-5AC1-4EC1-B36C-73E75562858B}.Release|Any CPU.Build.0 = Release|Any CPU
		{E7FC34F2-8249-4C73-B3A3-B64F61CE0607}.Debug|Any CPU.ActiveCfg = Debug|Any CPU
		{E7FC34F2-8249-4C73-B3A3-B64F61CE0607}.Debug|Any CPU.Build.0 = Debug|Any CPU
		{E7FC34F2-8249-4C73-B3A3-B64F61CE0607}.Release|Any CPU.ActiveCfg = Release|Any CPU
		{E7FC34F2-8249-4C73-B3A3-B64F61CE0607}.Release|Any CPU.Build.0 = Release|Any CPU
		{B646B822-624F-499B-B972-B7F1027099BE}.Debug|Any CPU.ActiveCfg = Debug|Any CPU
		{B646B822-624F-499B-B972-B7F1027099BE}.Debug|Any CPU.Build.0 = Debug|Any CPU
		{B646B822-624F-499B-B972-B7F1027099BE}.Release|Any CPU.ActiveCfg = Release|Any CPU
		{B646B822-624F-499B-B972-B7F1027099BE}.Release|Any CPU.Build.0 = Release|Any CPU
	EndGlobalSection
	GlobalSection(SolutionProperties) = preSolution
		HideSolutionNode = FALSE
	EndGlobalSection
	GlobalSection(ExtensibilityGlobals) = postSolution
		SolutionGuid = {01BC6A5F-501A-4BD3-8139-AF0520C1B862}
	EndGlobalSection
EndGlobal
